
Microsoft Visual Studio Solution File, Format Version 12.00
# Visual Studio Version 16
VisualStudioVersion = 16.0.31025.194
MinimumVisualStudioVersion = 10.0.40219.1
Project("{FAE04EC0-301F-11D3-BF4B-00C04F79EFBC}") = "Assignment10", "Assignment10.csproj", "{B799214C-1CD1-4652-893B-236F8C9BE15E}"
EndProject
Global
	GlobalSection(SolutionConfigurationPlatforms) = preSolution
		Debug|Any CPU = Debug|Any CPU
		Release|Any CPU = Release|Any CPU
	EndGlobalSection
	GlobalSection(ProjectConfigurationPlatforms) = postSolution
		{B799214C-1CD1-4652-893B-236F8C9BE15E}.Debug|Any CPU.ActiveCfg = Debug|Any CPU
		{B799214C-1CD1-4652-893B-236F8C9BE15E}.Debug|Any CPU.Build.0 = Debug|Any CPU
		{B799214C-1CD1-4652-893B-236F8C9BE15E}.Release|Any CPU.ActiveCfg = Release|Any CPU
		{B799214C-1CD1-4652-893B-236F8C9BE15E}.Release|Any CPU.Build.0 = Release|Any CPU
	EndGlobalSection
	GlobalSection(SolutionProperties) = preSolution
		HideSolutionNode = FALSE
	EndGlobalSection
	GlobalSection(ExtensibilityGlobals) = postSolution
		SolutionGuid = {76D9F757-D927-4EA3-893A-64C69012D1AC}
	EndGlobalSection
EndGlobal
